
Microsoft Visual Studio Solution File, Format Version 12.00
# Visual Studio Version 16
VisualStudioVersion = 16.0.31220.234
MinimumVisualStudioVersion = 10.0.40219.1
Project("{FAE04EC0-301F-11D3-BF4B-00C04F79EFBC}") = "ReduceUI", "ReduceUI\ReduceUI.csproj", "{23E25A6A-A13C-4357-825D-49D46A394F4B}"
EndProject
Global
	GlobalSection(SolutionConfigurationPlatforms) = preSolution
		Debug|Any CPU = Debug|Any CPU
		Release|Any CPU = Release|Any CPU
	EndGlobalSection
	GlobalSection(ProjectConfigurationPlatforms) = postSolution
		{23E25A6A-A13C-4357-825D-49D46A394F4B}.Debug|Any CPU.ActiveCfg = Debug|Any CPU
		{23E25A6A-A13C-4357-825D-49D46A394F4B}.Debug|Any CPU.Build.0 = Debug|Any CPU
		{23E25A6A-A13C-4357-825D-49D46A394F4B}.Release|Any CPU.ActiveCfg = Release|Any CPU
		{23E25A6A-A13C-4357-825D-49D46A394F4B}.Release|Any CPU.Build.0 = Release|Any CPU
	EndGlobalSection
	GlobalSection(SolutionProperties) = preSolution
		HideSolutionNode = FALSE
	EndGlobalSection
	GlobalSection(ExtensibilityGlobals) = postSolution
		SolutionGuid = {17ABEBFA-BA0B-4779-9526-4AE2072DD5FF}
	EndGlobalSection
EndGlobal
